{
  "version": 4,
  "terraform_version": "1.3.7",
  "serial": 1,
  "lineage": "b849e2a3-f4bf-cfc7-e3a9-374fbcdf4b5a",
  "outputs": {},
  "resources": [
    {
      "mode": "managed",
      "type": "aws_launch_template",
      "name": "user-data",
      "provider": "provider[\"registry.terraform.io/hashicorp/aws\"]",
      "instances": [
        {
          "schema_version": 0,
          "attributes": {
            "arn": "arn:aws:ec2:us-west-2:011821064023:launch-template/lt-09c8b45d4c61f4f37",
            "block_device_mappings": [
              {
                "device_name": "/dev/xvda",
                "ebs": [
                  {
                    "delete_on_termination": "false",
                    "encrypted": "false",
                    "iops": 0,
                    "kms_key_id": "",
                    "snapshot_id": "",
                    "throughput": 0,
                    "volume_size": 100,
                    "volume_type": "gp2"
                  }
                ],
                "no_device": "",
                "virtual_name": ""
              }
            ],
            "capacity_reservation_specification": [
              {
                "capacity_reservation_preference": "open",
                "capacity_reservation_target": []
              }
            ],
            "cpu_options": [],
            "credit_specification": [
              {
                "cpu_credits": "standard"
              }
            ],
            "default_version": 1,
            "description": "",
            "disable_api_stop": false,
            "disable_api_termination": false,
            "ebs_optimized": "false",
            "elastic_gpu_specifications": [],
            "elastic_inference_accelerator": [],
            "enclave_options": [],
            "hibernation_options": [
              {
                "configured": false
              }
            ],
            "iam_instance_profile": [
              {
                "arn": "arn:aws:iam::011821064023:instance-profile/emr_maintenance_dev_green",
                "name": ""
              }
            ],
            "id": "lt-09c8b45d4c61f4f37",
            "image_id": "ami-0e79a841aadaba0a0",
            "instance_initiated_shutdown_behavior": "stop",
            "instance_market_options": [],
            "instance_requirements": [],
            "instance_type": "t2.micro",
            "kernel_id": "",
            "key_name": "503340174-harish-test-dev-pwr-ssm",
            "latest_version": 1,
            "license_specification": [],
            "maintenance_options": [
              {
                "auto_recovery": "default"
              }
            ],
            "metadata_options": [
              {
                "http_endpoint": "enabled",
                "http_protocol_ipv6": "disabled",
                "http_put_response_hop_limit": 1,
                "http_tokens": "optional",
                "instance_metadata_tags": "disabled"
              }
            ],
            "monitoring": [
              {
                "enabled": false
              }
            ],
            "name": "503309564-Praveen-userdata-Rhel",
            "name_prefix": "",
            "network_interfaces": [
              {
                "associate_carrier_ip_address": "",
                "associate_public_ip_address": "false",
                "delete_on_termination": "true",
                "description": "",
                "device_index": 0,
                "interface_type": "",
                "ipv4_address_count": 0,
                "ipv4_addresses": [],
                "ipv4_prefix_count": 0,
                "ipv4_prefixes": [],
                "ipv6_address_count": 0,
                "ipv6_addresses": [],
                "ipv6_prefix_count": 0,
                "ipv6_prefixes": [],
                "network_card_index": 0,
                "network_interface_id": "",
                "private_ip_address": "",
                "security_groups": [
                  "sg-000a5e33f834e1969",
                  "sg-007f5b42cd9519592",
                  "sg-01de2f30fa98ecbe0",
                  "sg-05d34759cc6ec9b59",
                  "sg-f789de8c"
                ],
                "subnet_id": "subnet-0860ca41"
              }
            ],
            "placement": [
              {
                "affinity": "",
                "availability_zone": "",
                "group_name": "",
                "host_id": "",
                "host_resource_group_arn": "",
                "partition_number": 0,
                "spread_domain": "",
                "tenancy": "default"
              }
            ],
            "private_dns_name_options": [
              {
                "enable_resource_name_dns_a_record": false,
                "enable_resource_name_dns_aaaa_record": false,
                "hostname_type": "ip-name"
              }
            ],
            "ram_disk_id": "",
            "security_group_names": [],
            "tag_specifications": [
              {
                "resource_type": "instance",
                "tags": {
                  "Name": "503309564-Praveen-userdata Rhel"
                }
              }
            ],
            "tags": {},
            "tags_all": {},
            "update_default_version": null,
            "user_data": "IyEvYmluL2Jhc2gKbGludXhfZmxhdm9yPSQoYXdrIC1GPSAnL15OQU1FL3twcmludCAkMn0nIC9ldGMvb3MtcmVsZWFzZSB8IHRyIC1kICciJykKI2ZpbmQgdGhlIHVzZXIgbmFtZXMuCmxzIC9ob21lLyA+IHVuYW1lCmV4cG9ydCBrZXlfc3RvcmU9czM6Ly91c3cwMi1kZXYtcHdyLXMzLWJvb3RzdHJhcC81MDMzMDk1NjQtcHJhdmVlbi11c2VyYWNjZXNzLXNjcmlwdHMvc3NoX2tleV9zdG9yZQpleHBvcnQgc2NyaXB0X3BhdGg9czM6Ly91c3cwMi1kZXYtcHdyLXMzLWJvb3RzdHJhcC81MDMzMDk1NjQtcHJhdmVlbi11c2VyYWNjZXNzLXNjcmlwdHMKCiNzZWFyY2ggZm9yIHVzZXIgaGFkb29wCmlmIGdyZXAgLXEgaGFkb29wIHVuYW1lCnRoZW4KICAgIGRlZmF1bHRfdXNlcm5hbWU9ImhhZG9vcCIKICAgIGF3cyBzMyBjcCAkc2NyaXB0X3BhdGgvcmhlbC5zaCAuCiAgICBjaG1vZCAreCAuL3JoZWwuc2gKICAgIGV4cG9ydCBuYW1lPSRkZWZhdWx0X3VzZXJuYW1lCiAgICAuL3JoZWwuc2gKI2lmIHRoZSBhYm92ZSBjb25kaXRpb24gaXMgbm90IHNhdGlzZmllZCBpdAplbGlmIFsgIiRsaW51eF9mbGF2b3IiID09ICJBbWF6b24gTGludXggQU1JIiBdOyB0aGVuCiAgICBkZWZhdWx0X3VzZXJuYW1lPSJlYzItdXNlciIKICAgIGF3cyBzMyBjcCAkc2NyaXB0X3BhdGgvcmhlbC5zaCAuCiAgICBjaG1vZCAreCAuL3JoZWwuc2gKICAgIGV4cG9ydCBuYW1lPSRkZWZhdWx0X3VzZXJuYW1lCiAgICAuL3JoZWwuc2gKCmVsc2UgWyAiJGxpbnV4X2ZsYXZvciIgPT0gIlVidW50dSIgXTsKICAgIGRlZmF1bHRfdXNlcm5hbWU9InVidW50dSIKICAgIHN1ZG8gc25hcCBpbnN0YWxsIGF3cy1jbGkgLS1jbGFzc2ljCiAgICBhd3MgczMgY3AgJHNjcmlwdF9wYXRoL3VidW50dS5zaCAuCiAgICBjaG1vZCAreCAuL3VidW50dS5zaAogICAgZXhwb3J0IG5hbWU9JGRlZmF1bHRfdXNlcm5hbWUKICAgIC4vdWJ1bnR1LnNoCmZp",
            "vpc_security_group_ids": []
          },
          "sensitive_attributes": [],
          "private": "eyJzY2hlbWFfdmVyc2lvbiI6IjAifQ=="
        }
      ]
    }
  ],
  "check_results": null
}
